
Microsoft Visual Studio Solution File, Format Version 12.00
# Visual Studio Version 17
VisualStudioVersion = 17.7.34031.279
MinimumVisualStudioVersion = 10.0.40219.1
Project("{FAE04EC0-301F-11D3-BF4B-00C04F79EFBC}") = "WinFormsApp11", "WinFormsApp11.csproj", "{48B32FA3-0FEA-4A5A-8509-F360BC39FA01}"
EndProject
Global
	GlobalSection(SolutionConfigurationPlatforms) = preSolution
		Debug|Any CPU = Debug|Any CPU
		Release|Any CPU = Release|Any CPU
	EndGlobalSection
	GlobalSection(ProjectConfigurationPlatforms) = postSolution
		{48B32FA3-0FEA-4A5A-8509-F360BC39FA01}.Debug|Any CPU.ActiveCfg = Debug|Any CPU
		{48B32FA3-0FEA-4A5A-8509-F360BC39FA01}.Debug|Any CPU.Build.0 = Debug|Any CPU
		{48B32FA3-0FEA-4A5A-8509-F360BC39FA01}.Release|Any CPU.ActiveCfg = Release|Any CPU
		{48B32FA3-0FEA-4A5A-8509-F360BC39FA01}.Release|Any CPU.Build.0 = Release|Any CPU
	EndGlobalSection
	GlobalSection(SolutionProperties) = preSolution
		HideSolutionNode = FALSE
	EndGlobalSection
	GlobalSection(ExtensibilityGlobals) = postSolution
		SolutionGuid = {449B5173-4119-46F9-9F40-C32D5C8BB8A4}
	EndGlobalSection
EndGlobal
